
Microsoft Visual Studio Solution File, Format Version 12.00
# Visual Studio Version 17
VisualStudioVersion = 17.5.33424.131
MinimumVisualStudioVersion = 10.0.40219.1
Project("{FAE04EC0-301F-11D3-BF4B-00C04F79EFBC}") = "Get After Set Library", "Get After Set Library\Get After Set Library.csproj", "{9B35B284-49BF-45AB-8127-EDEC307BF89A}"
EndProject
Global
	GlobalSection(SolutionConfigurationPlatforms) = preSolution
		Debug|Any CPU = Debug|Any CPU
		Release|Any CPU = Release|Any CPU
	EndGlobalSection
	GlobalSection(ProjectConfigurationPlatforms) = postSolution
		{9B35B284-49BF-45AB-8127-EDEC307BF89A}.Debug|Any CPU.ActiveCfg = Debug|Any CPU
		{9B35B284-49BF-45AB-8127-EDEC307BF89A}.Debug|Any CPU.Build.0 = Debug|Any CPU
		{9B35B284-49BF-45AB-8127-EDEC307BF89A}.Release|Any CPU.ActiveCfg = Release|Any CPU
		{9B35B284-49BF-45AB-8127-EDEC307BF89A}.Release|Any CPU.Build.0 = Release|Any CPU
	EndGlobalSection
	GlobalSection(SolutionProperties) = preSolution
		HideSolutionNode = FALSE
	EndGlobalSection
	GlobalSection(ExtensibilityGlobals) = postSolution
		SolutionGuid = {E6C4C50D-B345-4280-B4B7-87F1E851B23D}
	EndGlobalSection
EndGlobal
